
Microsoft Visual Studio Solution File, Format Version 12.00
# Visual Studio Version 16
VisualStudioVersion = 16.0.31112.23
MinimumVisualStudioVersion = 10.0.40219.1
Project("{FAE04EC0-301F-11D3-BF4B-00C04F79EFBC}") = "SalesMVC", "SalesMVC\SalesMVC.csproj", "{6FDED29F-F217-4A20-BC0A-0CD3EB395CF6}"
EndProject
Global
	GlobalSection(SolutionConfigurationPlatforms) = preSolution
		Debug|Any CPU = Debug|Any CPU
		Release|Any CPU = Release|Any CPU
	EndGlobalSection
	GlobalSection(ProjectConfigurationPlatforms) = postSolution
		{6FDED29F-F217-4A20-BC0A-0CD3EB395CF6}.Debug|Any CPU.ActiveCfg = Debug|Any CPU
		{6FDED29F-F217-4A20-BC0A-0CD3EB395CF6}.Debug|Any CPU.Build.0 = Debug|Any CPU
		{6FDED29F-F217-4A20-BC0A-0CD3EB395CF6}.Release|Any CPU.ActiveCfg = Release|Any CPU
		{6FDED29F-F217-4A20-BC0A-0CD3EB395CF6}.Release|Any CPU.Build.0 = Release|Any CPU
	EndGlobalSection
	GlobalSection(SolutionProperties) = preSolution
		HideSolutionNode = FALSE
	EndGlobalSection
	GlobalSection(ExtensibilityGlobals) = postSolution
		SolutionGuid = {094718CA-F5CE-4520-96BE-C7BE0471DD26}
	EndGlobalSection
EndGlobal
